Microsoft Visual Studio Solution File, Format Version 12.00
# Visual Studio Version 17
VisualStudioVersion = 17.5.2.0
MinimumVisualStudioVersion = 10.0.40219.1
Project("{2150E333-8FDC-42A3-9474-1A3956D46DE8}") = "3semestre", "3semestre", "{20D09C25-AF1E-2039-22E7-440F9E7A86DB}"
EndProject
Project("{2150E333-8FDC-42A3-9474-1A3956D46DE8}") = "front-toyotaACE-cliente", "front-toyotaACE-cliente", "{24390931-AF42-E85D-6A5E-31E0BE0014C8}"
EndProject
Project("{2150E333-8FDC-42A3-9474-1A3956D46DE8}") = "Aplicativo", "Aplicativo", "{B9B39B9A-FFF3-DEF0-FA1F-C910DBB1698B}"
EndProject
Project("{FAE04EC0-301F-11D3-BF4B-00C04F79EFBC}") = "BackEndAPI", "3semestre\front-toyotaACE-cliente\Aplicativo\BackEndAPI\BackEndAPI.csproj", "{1E80F539-4FD4-A275-ABE6-356DD2808357}"
EndProject
Project("{2150E333-8FDC-42A3-9474-1A3956D46DE8}") = "Toyota-ACE-Vendedor", "Toyota-ACE-Vendedor", "{2097188A-2F87-8F5E-D49C-B39FA61547C6}"
EndProject
Project("{2150E333-8FDC-42A3-9474-1A3956D46DE8}") = "Aplicativo", "Aplicativo", "{497F367F-77C2-782B-6F24-2E1D6963D9BA}"
EndProject
Project("{FAE04EC0-301F-11D3-BF4B-00C04F79EFBC}") = "BackEndAPI", "3semestre\Toyota-ACE-Vendedor\Aplicativo\BackEndAPI\BackEndAPI.csproj", "{E0A516DA-C100-43F6-F00D-91C05AA13084}"
EndProject
Global
	GlobalSection(SolutionConfigurationPlatforms) = preSolution
		Debug|Any CPU = Debug|Any CPU
		Release|Any CPU = Release|Any CPU
	EndGlobalSection
	GlobalSection(ProjectConfigurationPlatforms) = postSolution
		{1E80F539-4FD4-A275-ABE6-356DD2808357}.Debug|Any CPU.ActiveCfg = Debug|Any CPU
		{1E80F539-4FD4-A275-ABE6-356DD2808357}.Debug|Any CPU.Build.0 = Debug|Any CPU
		{1E80F539-4FD4-A275-ABE6-356DD2808357}.Release|Any CPU.ActiveCfg = Release|Any CPU
		{1E80F539-4FD4-A275-ABE6-356DD2808357}.Release|Any CPU.Build.0 = Release|Any CPU
		{E0A516DA-C100-43F6-F00D-91C05AA13084}.Debug|Any CPU.ActiveCfg = Debug|Any CPU
		{E0A516DA-C100-43F6-F00D-91C05AA13084}.Debug|Any CPU.Build.0 = Debug|Any CPU
		{E0A516DA-C100-43F6-F00D-91C05AA13084}.Release|Any CPU.ActiveCfg = Release|Any CPU
		{E0A516DA-C100-43F6-F00D-91C05AA13084}.Release|Any CPU.Build.0 = Release|Any CPU
	EndGlobalSection
	GlobalSection(SolutionProperties) = preSolution
		HideSolutionNode = FALSE
	EndGlobalSection
	GlobalSection(NestedProjects) = preSolution
		{24390931-AF42-E85D-6A5E-31E0BE0014C8} = {20D09C25-AF1E-2039-22E7-440F9E7A86DB}
		{B9B39B9A-FFF3-DEF0-FA1F-C910DBB1698B} = {24390931-AF42-E85D-6A5E-31E0BE0014C8}
		{1E80F539-4FD4-A275-ABE6-356DD2808357} = {B9B39B9A-FFF3-DEF0-FA1F-C910DBB1698B}
		{2097188A-2F87-8F5E-D49C-B39FA61547C6} = {20D09C25-AF1E-2039-22E7-440F9E7A86DB}
		{497F367F-77C2-782B-6F24-2E1D6963D9BA} = {2097188A-2F87-8F5E-D49C-B39FA61547C6}
		{E0A516DA-C100-43F6-F00D-91C05AA13084} = {497F367F-77C2-782B-6F24-2E1D6963D9BA}
	EndGlobalSection
	GlobalSection(ExtensibilityGlobals) = postSolution
		SolutionGuid = {03DECEE6-5557-4E0A-A868-FCF666ED3FDB}
	EndGlobalSection
EndGlobal
